
Microsoft Visual Studio Solution File, Format Version 12.00
# Visual Studio Version 17
VisualStudioVersion = 17.6.33723.286
MinimumVisualStudioVersion = 10.0.40219.1
Project("{9A19103F-16F7-4668-BE54-9A1E7A4F7556}") = "EvenOdd", "EvenOdd\EvenOdd.csproj", "{70B33466-9E3C-4021-AC0A-6F9CA6A08A3C}"
EndProject
Project("{FAE04EC0-301F-11D3-BF4B-00C04F79EFBC}") = "FirstProgram", "FirstProgram\FirstProgram.csproj", "{183999D4-E7C8-41A4-8B61-28F1EAC8AA7F}"
EndProject
Global
	GlobalSection(SolutionConfigurationPlatforms) = preSolution
		Debug|Any CPU = Debug|Any CPU
		Release|Any CPU = Release|Any CPU
	EndGlobalSection
	GlobalSection(ProjectConfigurationPlatforms) = postSolution
		{70B33466-9E3C-4021-AC0A-6F9CA6A08A3C}.Debug|Any CPU.ActiveCfg = Debug|Any CPU
		{70B33466-9E3C-4021-AC0A-6F9CA6A08A3C}.Debug|Any CPU.Build.0 = Debug|Any CPU
		{70B33466-9E3C-4021-AC0A-6F9CA6A08A3C}.Release|Any CPU.ActiveCfg = Release|Any CPU
		{70B33466-9E3C-4021-AC0A-6F9CA6A08A3C}.Release|Any CPU.Build.0 = Release|Any CPU
		{183999D4-E7C8-41A4-8B61-28F1EAC8AA7F}.Debug|Any CPU.ActiveCfg = Debug|Any CPU
		{183999D4-E7C8-41A4-8B61-28F1EAC8AA7F}.Debug|Any CPU.Build.0 = Debug|Any CPU
		{183999D4-E7C8-41A4-8B61-28F1EAC8AA7F}.Release|Any CPU.ActiveCfg = Release|Any CPU
		{183999D4-E7C8-41A4-8B61-28F1EAC8AA7F}.Release|Any CPU.Build.0 = Release|Any CPU
	EndGlobalSection
	GlobalSection(SolutionProperties) = preSolution
		HideSolutionNode = FALSE
	EndGlobalSection
	GlobalSection(ExtensibilityGlobals) = postSolution
		SolutionGuid = {434B723F-5805-48C5-939F-F849894FD8C7}
	EndGlobalSection
EndGlobal
